# This file is automatically @generated by Poetry 1.7.1 and should not be changed by hand.

[[package]]
name = "dpath"
version = "2.1.6"
description = "Filesystem-like pathing and searching for dictionaries"
optional = false
python-versions = ">=3.7"
files = [
    {file = "dpath-2.1.6-py3-none-any.whl", hash = "sha256:31407395b177ab63ef72e2f6ae268c15e938f2990a8ecf6510f5686c02b6db73"},
    {file = "dpath-2.1.6.tar.gz", hash = "sha256:f1e07c72e8605c6a9e80b64bc8f42714de08a789c7de417e49c3f87a19692e47"},
]

[[package]]
name = "pyoxidizer"
version = "0.24.0"
description = "Package self-contained Python applications"
optional = false
python-versions = "*"
files = [
    {file = "pyoxidizer-0.24.0-py3-none-macosx_10_9_x86_64.whl", hash = "sha256:eed0f08a38798f14cf0464272552aef97e534b9a418d2a671b8d85ec7af1a237"},
    {file = "pyoxidizer-0.24.0-py3-none-macosx_11_0_arm64.whl", hash = "sha256:1a9940d2bdb6c9e6c6c45eb4de3d4d6e5c9b3a3724dbc7d774d85d4956058447"},
    {file = "pyoxidizer-0.24.0-py3-none-manylinux2010_x86_64.whl", hash = "sha256:ec56f2b99495aa0178e927389a3e151e9669beae4e2bce3f6897fb9891b5502e"},
    {file = "pyoxidizer-0.24.0-py3-none-manylinux2014_aarch64.whl", hash = "sha256:825d37c8d44971f3e7ca6beed77b560b508c69497f48019428f1aae3fd80c049"},
    {file = "pyoxidizer-0.24.0-py3-none-win32.whl", hash = "sha256:4ccc59d157952bccb6ab6897f061966ac31403b2cee18fe9dfbd871f429bd34c"},
    {file = "pyoxidizer-0.24.0-py3-none-win_amd64.whl", hash = "sha256:9b18f8d5f6b309ec856109b2f4d8228bae513da0b0213991e3305cf73583c385"},
]

[metadata]
lock-version = "2.0"
python-versions = "^3.9"
content-hash = "c0bb01301b2f7727f6a9f26e406a44575eb6f2739d7111aae2abc3caafa756c3"
